
Microsoft Visual Studio Solution File, Format Version 12.00
# Visual Studio 14
VisualStudioVersion = 14.0.24720.0
MinimumVisualStudioVersion = 10.0.40219.1
Project("{888888A0-9F3D-457C-B088-3A5042F75D52}") = "CHaMP Survey Data Export Tool", "CHaMP Survey Data Export Tool.pyproj", "{50AC0D9D-22DF-4DEA-85F6-039D875C7220}"
EndProject
Global
	GlobalSection(SolutionConfigurationPlatforms) = preSolution
		Debug|Any CPU = Debug|Any CPU
		Release|Any CPU = Release|Any CPU
	EndGlobalSection
	GlobalSection(ProjectConfigurationPlatforms) = postSolution
		{50AC0D9D-22DF-4DEA-85F6-039D875C7220}.Debug|Any CPU.ActiveCfg = Debug|Any CPU
		{50AC0D9D-22DF-4DEA-85F6-039D875C7220}.Release|Any CPU.ActiveCfg = Release|Any CPU
	EndGlobalSection
	GlobalSection(SolutionProperties) = preSolution
		HideSolutionNode = FALSE
	EndGlobalSection
EndGlobal
